// !$*UTF8*$!
{
	archiveVersion = 1;
	classes = {
	};
	objectVersion = 56;
	objects = {

/* Begin PBXBuildFile section */
		8015D68A2A9A57E2005220F8 /* DELETEME.swift in Sources */ = {isa = PBXBuildFile; fileRef = 8015D6892A9A57E2005220F8 /* DELETEME.swift */; };
		8015D68D2A9A84AC005220F8 /* NumberFactClient.swift in Sources */ = {isa = PBXBuildFile; fileRef = 8015D68C2A9A84AC005220F8 /* NumberFactClient.swift */; };
		801FFAB02A62FF7500F84FC1 /* P_NumericTextAnimation.swift in Sources */ = {isa = PBXBuildFile; fileRef = 801FFAAF2A62FF7400F84FC1 /* P_NumericTextAnimation.swift */; };
		803ED6672A8EF15100A1486C /* Settings.swift in Sources */ = {isa = PBXBuildFile; fileRef = 803ED6662A8EF15100A1486C /* Settings.swift */; };
		803ED6692A8EF3C800A1486C /* ColorSchemeMode.swift in Sources */ = {isa = PBXBuildFile; fileRef = 803ED6682A8EF3C800A1486C /* ColorSchemeMode.swift */; };
		8043A4562A61FA90006AB0DA /* CalcScreen.swift in Sources */ = {isa = PBXBuildFile; fileRef = 8043A4552A61FA90006AB0DA /* CalcScreen.swift */; };
		8043A4582A61FAA1006AB0DA /* CalcScreenH.swift in Sources */ = {isa = PBXBuildFile; fileRef = 8043A4572A61FAA1006AB0DA /* CalcScreenH.swift */; };
		804469832A954C140098F1ED /* CalculationReducer.swift in Sources */ = {isa = PBXBuildFile; fileRef = 804469822A954C140098F1ED /* CalculationReducer.swift */; };
		80649D332A607CC7007CC893 /* TCACalcApp.swift in Sources */ = {isa = PBXBuildFile; fileRef = 80649D322A607CC7007CC893 /* TCACalcApp.swift */; };
		80649D352A607CC7007CC893 /* ContentView.swift in Sources */ = {isa = PBXBuildFile; fileRef = 80649D342A607CC7007CC893 /* ContentView.swift */; };
		80649D372A607CC9007CC893 /* Assets.xcassets in Resources */ = {isa = PBXBuildFile; fileRef = 80649D362A607CC9007CC893 /* Assets.xcassets */; };
		80649D3B2A607CC9007CC893 /* Preview Assets.xcassets in Resources */ = {isa = PBXBuildFile; fileRef = 80649D3A2A607CC9007CC893 /* Preview Assets.xcassets */; };
		806BC16A2A902AEE00B252F9 /* UserSettings.swift in Sources */ = {isa = PBXBuildFile; fileRef = 806BC1692A902AEE00B252F9 /* UserSettings.swift */; };
		807F40642A911DE2009A8FD7 /* Color+Codable.swift in Sources */ = {isa = PBXBuildFile; fileRef = 807F40632A911DE2009A8FD7 /* Color+Codable.swift */; };
		807F40662A913106009A8FD7 /* ColorView.swift in Sources */ = {isa = PBXBuildFile; fileRef = 807F40652A913106009A8FD7 /* ColorView.swift */; };
		808EAFDE2A659245008F2368 /* Decimal+Tests.swift in Sources */ = {isa = PBXBuildFile; fileRef = 808EAFDD2A659245008F2368 /* Decimal+Tests.swift */; };
		80936EBA2A607E1100A2939F /* TCACalc_UI in Frameworks */ = {isa = PBXBuildFile; productRef = 80936EB92A607E1100A2939F /* TCACalc_UI */; };
		80936EBC2A60A8A200A2939F /* CalcScreenV.swift in Sources */ = {isa = PBXBuildFile; fileRef = 80936EBB2A60A8A200A2939F /* CalcScreenV.swift */; };
		80936EBE2A60C75000A2939F /* Decimal+.swift in Sources */ = {isa = PBXBuildFile; fileRef = 80936EBD2A60C75000A2939F /* Decimal+.swift */; };
		80936EC62A60D94C00A2939F /* TCACalcTests.swift in Sources */ = {isa = PBXBuildFile; fileRef = 80936EC52A60D94C00A2939F /* TCACalcTests.swift */; };
		80F2C4472A994ADD00D1B6DA /* CalculationTests.swift in Sources */ = {isa = PBXBuildFile; fileRef = 80F2C4462A994ADD00D1B6DA /* CalculationTests.swift */; };
/* End PBXBuildFile section */

/* Begin PBXContainerItemProxy section */
		80936ECB2A60DBAC00A2939F /* PBXContainerItemProxy */ = {
			isa = PBXContainerItemProxy;
			containerPortal = 80649D272A607CC7007CC893 /* Project object */;
			proxyType = 1;
			remoteGlobalIDString = 80649D2E2A607CC7007CC893;
			remoteInfo = TCACalc;
		};
/* End PBXContainerItemProxy section */

/* Begin PBXFileReference section */
		800BC8072A9CEEB000292F04 /* Info.plist */ = {isa = PBXFileReference; lastKnownFileType = text.plist; path = Info.plist; sourceTree = "<group>"; };
		8015D6892A9A57E2005220F8 /* DELETEME.swift */ = {isa = PBXFileReference; lastKnownFileType = sourcecode.swift; path = DELETEME.swift; sourceTree = "<group>"; };
		8015D68C2A9A84AC005220F8 /* NumberFactClient.swift */ = {isa = PBXFileReference; lastKnownFileType = sourcecode.swift; path = NumberFactClient.swift; sourceTree = "<group>"; };
		801FFAAF2A62FF7400F84FC1 /* P_NumericTextAnimation.swift */ = {isa = PBXFileReference; lastKnownFileType = sourcecode.swift; path = P_NumericTextAnimation.swift; sourceTree = "<group>"; };
		803ED6662A8EF15100A1486C /* Settings.swift */ = {isa = PBXFileReference; lastKnownFileType = sourcecode.swift; path = Settings.swift; sourceTree = "<group>"; };
		803ED6682A8EF3C800A1486C /* ColorSchemeMode.swift */ = {isa = PBXFileReference; lastKnownFileType = sourcecode.swift; path = ColorSchemeMode.swift; sourceTree = "<group>"; };
		8043A4552A61FA90006AB0DA /* CalcScreen.swift */ = {isa = PBXFileReference; lastKnownFileType = sourcecode.swift; path = CalcScreen.swift; sourceTree = "<group>"; };
		8043A4572A61FAA1006AB0DA /* CalcScreenH.swift */ = {isa = PBXFileReference; lastKnownFileType = sourcecode.swift; path = CalcScreenH.swift; sourceTree = "<group>"; };
		804469822A954C140098F1ED /* CalculationReducer.swift */ = {isa = PBXFileReference; lastKnownFileType = sourcecode.swift; path = CalculationReducer.swift; sourceTree = "<group>"; };
		80649D2F2A607CC7007CC893 /* TCACalc.app */ = {isa = PBXFileReference; explicitFileType = wrapper.application; includeInIndex = 0; path = TCACalc.app; sourceTree = BUILT_PRODUCTS_DIR; };
		80649D322A607CC7007CC893 /* TCACalcApp.swift */ = {isa = PBXFileReference; lastKnownFileType = sourcecode.swift; path = TCACalcApp.swift; sourceTree = "<group>"; };
		80649D342A607CC7007CC893 /* ContentView.swift */ = {isa = PBXFileReference; lastKnownFileType = sourcecode.swift; path = ContentView.swift; sourceTree = "<group>"; };
		80649D362A607CC9007CC893 /* Assets.xcassets */ = {isa = PBXFileReference; lastKnownFileType = folder.assetcatalog; path = Assets.xcassets; sourceTree = "<group>"; };
		80649D382A607CC9007CC893 /* TCACalc.entitlements */ = {isa = PBXFileReference; lastKnownFileType = text.plist.entitlements; path = TCACalc.entitlements; sourceTree = "<group>"; };
		80649D3A2A607CC9007CC893 /* Preview Assets.xcassets */ = {isa = PBXFileReference; lastKnownFileType = folder.assetcatalog; path = "Preview Assets.xcassets"; sourceTree = "<group>"; };
		80649D442A607D72007CC893 /* TCACalc_UI */ = {isa = PBXFileReference; lastKnownFileType = wrapper; name = TCACalc_UI; path = ../../TCACalc_UI; sourceTree = "<group>"; };
		806BC1692A902AEE00B252F9 /* UserSettings.swift */ = {isa = PBXFileReference; lastKnownFileType = sourcecode.swift; path = UserSettings.swift; sourceTree = "<group>"; };
		807F40632A911DE2009A8FD7 /* Color+Codable.swift */ = {isa = PBXFileReference; lastKnownFileType = sourcecode.swift; path = "Color+Codable.swift"; sourceTree = "<group>"; };
		807F40652A913106009A8FD7 /* ColorView.swift */ = {isa = PBXFileReference; lastKnownFileType = sourcecode.swift; path = ColorView.swift; sourceTree = "<group>"; };
		808EAFDD2A659245008F2368 /* Decimal+Tests.swift */ = {isa = PBXFileReference; lastKnownFileType = sourcecode.swift; path = "Decimal+Tests.swift"; sourceTree = "<group>"; };
		80936EBB2A60A8A200A2939F /* CalcScreenV.swift */ = {isa = PBXFileReference; lastKnownFileType = sourcecode.swift; path = CalcScreenV.swift; sourceTree = "<group>"; };
		80936EBD2A60C75000A2939F /* Decimal+.swift */ = {isa = PBXFileReference; lastKnownFileType = sourcecode.swift; path = "Decimal+.swift"; sourceTree = "<group>"; };
		80936EC32A60D94C00A2939F /* TCACalcTests.xctest */ = {isa = PBXFileReference; explicitFileType = wrapper.cfbundle; includeInIndex = 0; path = TCACalcTests.xctest; sourceTree = BUILT_PRODUCTS_DIR; };
		80936EC52A60D94C00A2939F /* TCACalcTests.swift */ = {isa = PBXFileReference; lastKnownFileType = sourcecode.swift; path = TCACalcTests.swift; sourceTree = "<group>"; };
		80F2C4462A994ADD00D1B6DA /* CalculationTests.swift */ = {isa = PBXFileReference; lastKnownFileType = sourcecode.swift; path = CalculationTests.swift; sourceTree = "<group>"; };
/* End PBXFileReference section */

/* Begin PBXFrameworksBuildPhase section */
		80649D2C2A607CC7007CC893 /* Frameworks */ = {
			isa = PBXFrameworksBuildPhase;
			buildActionMask = 2147483647;
			files = (
				80936EBA2A607E1100A2939F /* TCACalc_UI in Frameworks */,
			);
			runOnlyForDeploymentPostprocessing = 0;
		};
		80936EC02A60D94C00A2939F /* Frameworks */ = {
			isa = PBXFrameworksBuildPhase;
			buildActionMask = 2147483647;
			files = (
			);
			runOnlyForDeploymentPostprocessing = 0;
		};
/* End PBXFrameworksBuildPhase section */

/* Begin PBXGroup section */
		8015D68B2A9A849D005220F8 /* Dependencies */ = {
			isa = PBXGroup;
			children = (
				8015D68C2A9A84AC005220F8 /* NumberFactClient.swift */,
			);
			path = Dependencies;
			sourceTree = "<group>";
		};
		801FFAB12A63046100F84FC1 /* Prototypes */ = {
			isa = PBXGroup;
			children = (
				801FFAAF2A62FF7400F84FC1 /* P_NumericTextAnimation.swift */,
				807F40652A913106009A8FD7 /* ColorView.swift */,
			);
			path = Prototypes;
			sourceTree = "<group>";
		};
		80649D262A607CC7007CC893 = {
			isa = PBXGroup;
			children = (
				8015D68B2A9A849D005220F8 /* Dependencies */,
				8015D6892A9A57E2005220F8 /* DELETEME.swift */,
				80649D312A607CC7007CC893 /* TCACalc */,
				80936EC42A60D94C00A2939F /* TCACalcTests */,
				80649D302A607CC7007CC893 /* Products */,
				80936EB82A607E1100A2939F /* Frameworks */,
			);
			sourceTree = "<group>";
		};
		80649D302A607CC7007CC893 /* Products */ = {
			isa = PBXGroup;
			children = (
				80649D2F2A607CC7007CC893 /* TCACalc.app */,
				80936EC32A60D94C00A2939F /* TCACalcTests.xctest */,
			);
			name = Products;
			sourceTree = "<group>";
		};
		80649D312A607CC7007CC893 /* TCACalc */ = {
			isa = PBXGroup;
			children = (
				800BC8072A9CEEB000292F04 /* Info.plist */,
				807F40622A911DA8009A8FD7 /* Utils */,
				801FFAB12A63046100F84FC1 /* Prototypes */,
				80649D442A607D72007CC893 /* TCACalc_UI */,
				80649D322A607CC7007CC893 /* TCACalcApp.swift */,
				80649D342A607CC7007CC893 /* ContentView.swift */,
				8043A4552A61FA90006AB0DA /* CalcScreen.swift */,
				80936EBB2A60A8A200A2939F /* CalcScreenV.swift */,
				8043A4572A61FAA1006AB0DA /* CalcScreenH.swift */,
				803ED6662A8EF15100A1486C /* Settings.swift */,
				803ED6682A8EF3C800A1486C /* ColorSchemeMode.swift */,
				804469822A954C140098F1ED /* CalculationReducer.swift */,
				806BC1682A902AE000B252F9 /* Model */,
				80649D362A607CC9007CC893 /* Assets.xcassets */,
				80649D382A607CC9007CC893 /* TCACalc.entitlements */,
				80649D392A607CC9007CC893 /* Preview Content */,
			);
			path = TCACalc;
			sourceTree = "<group>";
		};
		80649D392A607CC9007CC893 /* Preview Content */ = {
			isa = PBXGroup;
			children = (
				80649D3A2A607CC9007CC893 /* Preview Assets.xcassets */,
			);
			path = "Preview Content";
			sourceTree = "<group>";
		};
		806BC1682A902AE000B252F9 /* Model */ = {
			isa = PBXGroup;
			children = (
				806BC1692A902AEE00B252F9 /* UserSettings.swift */,
			);
			path = Model;
			sourceTree = "<group>";
		};
		807F40622A911DA8009A8FD7 /* Utils */ = {
			isa = PBXGroup;
			children = (
				80936EBD2A60C75000A2939F /* Decimal+.swift */,
				807F40632A911DE2009A8FD7 /* Color+Codable.swift */,
			);
			path = Utils;
			sourceTree = "<group>";
		};
		80936EB82A607E1100A2939F /* Frameworks */ = {
			isa = PBXGroup;
			children = (
			);
			name = Frameworks;
			sourceTree = "<group>";
		};
		80936EC42A60D94C00A2939F /* TCACalcTests */ = {
			isa = PBXGroup;
			children = (
				80936EC52A60D94C00A2939F /* TCACalcTests.swift */,
				808EAFDD2A659245008F2368 /* Decimal+Tests.swift */,
				80F2C4462A994ADD00D1B6DA /* CalculationTests.swift */,
			);
			path = TCACalcTests;
			sourceTree = "<group>";
		};
/* End PBXGroup section */

/* Begin PBXNativeTarget section */
		80649D2E2A607CC7007CC893 /* TCACalc */ = {
			isa = PBXNativeTarget;
			buildConfigurationList = 80649D3E2A607CC9007CC893 /* Build configuration list for PBXNativeTarget "TCACalc" */;
			buildPhases = (
				80649D2B2A607CC7007CC893 /* Sources */,
				80649D2C2A607CC7007CC893 /* Frameworks */,
				80649D2D2A607CC7007CC893 /* Resources */,
			);
			buildRules = (
			);
			dependencies = (
			);
			name = TCACalc;
			packageProductDependencies = (
				80936EB92A607E1100A2939F /* TCACalc_UI */,
			);
			productName = TCACalc;
			productReference = 80649D2F2A607CC7007CC893 /* TCACalc.app */;
			productType = "com.apple.product-type.application";
		};
		80936EC22A60D94C00A2939F /* TCACalcTests */ = {
			isa = PBXNativeTarget;
			buildConfigurationList = 80936EC72A60D94C00A2939F /* Build configuration list for PBXNativeTarget "TCACalcTests" */;
			buildPhases = (
				80936EBF2A60D94C00A2939F /* Sources */,
				80936EC02A60D94C00A2939F /* Frameworks */,
				80936EC12A60D94C00A2939F /* Resources */,
			);
			buildRules = (
			);
			dependencies = (
				80936ECC2A60DBAC00A2939F /* PBXTargetDependency */,
			);
			name = TCACalcTests;
			productName = TCACalcTests;
			productReference = 80936EC32A60D94C00A2939F /* TCACalcTests.xctest */;
			productType = "com.apple.product-type.bundle.unit-test";
		};
/* End PBXNativeTarget section */

/* Begin PBXProject section */
		80649D272A607CC7007CC893 /* Project object */ = {
			isa = PBXProject;
			attributes = {
				BuildIndependentTargetsInParallel = 1;
				LastSwiftUpdateCheck = 1500;
				LastUpgradeCheck = 1500;
				TargetAttributes = {
					80649D2E2A607CC7007CC893 = {
						CreatedOnToolsVersion = 15.0;
					};
					80936EC22A60D94C00A2939F = {
						CreatedOnToolsVersion = 15.0;
						TestTargetID = 80649D2E2A607CC7007CC893;
					};
				};
			};
			buildConfigurationList = 80649D2A2A607CC7007CC893 /* Build configuration list for PBXProject "TCACalc" */;
			compatibilityVersion = "Xcode 14.0";
			developmentRegion = en;
			hasScannedForEncodings = 0;
			knownRegions = (
				en,
				Base,
			);
			mainGroup = 80649D262A607CC7007CC893;
			packageReferences = (
			);
			productRefGroup = 80649D302A607CC7007CC893 /* Products */;
			projectDirPath = "";
			projectRoot = "";
			targets = (
				80649D2E2A607CC7007CC893 /* TCACalc */,
				80936EC22A60D94C00A2939F /* TCACalcTests */,
			);
		};
/* End PBXProject section */

/* Begin PBXResourcesBuildPhase section */
		80649D2D2A607CC7007CC893 /* Resources */ = {
			isa = PBXResourcesBuildPhase;
			buildActionMask = 2147483647;
			files = (
				80649D3B2A607CC9007CC893 /* Preview Assets.xcassets in Resources */,
				80649D372A607CC9007CC893 /* Assets.xcassets in Resources */,
			);
			runOnlyForDeploymentPostprocessing = 0;
		};
		80936EC12A60D94C00A2939F /* Resources */ = {
			isa = PBXResourcesBuildPhase;
			buildActionMask = 2147483647;
			files = (
			);
			runOnlyForDeploymentPostprocessing = 0;
		};
/* End PBXResourcesBuildPhase section */

/* Begin PBXSourcesBuildPhase section */
		80649D2B2A607CC7007CC893 /* Sources */ = {
			isa = PBXSourcesBuildPhase;
			buildActionMask = 2147483647;
			files = (
				8015D68D2A9A84AC005220F8 /* NumberFactClient.swift in Sources */,
				807F40662A913106009A8FD7 /* ColorView.swift in Sources */,
				804469832A954C140098F1ED /* CalculationReducer.swift in Sources */,
				8043A4582A61FAA1006AB0DA /* CalcScreenH.swift in Sources */,
				80936EBC2A60A8A200A2939F /* CalcScreenV.swift in Sources */,
				803ED6672A8EF15100A1486C /* Settings.swift in Sources */,
				806BC16A2A902AEE00B252F9 /* UserSettings.swift in Sources */,
				803ED6692A8EF3C800A1486C /* ColorSchemeMode.swift in Sources */,
				801FFAB02A62FF7500F84FC1 /* P_NumericTextAnimation.swift in Sources */,
				80649D352A607CC7007CC893 /* ContentView.swift in Sources */,
				80649D332A607CC7007CC893 /* TCACalcApp.swift in Sources */,
				8043A4562A61FA90006AB0DA /* CalcScreen.swift in Sources */,
				807F40642A911DE2009A8FD7 /* Color+Codable.swift in Sources */,
				8015D68A2A9A57E2005220F8 /* DELETEME.swift in Sources */,
				80936EBE2A60C75000A2939F /* Decimal+.swift in Sources */,
			);
			runOnlyForDeploymentPostprocessing = 0;
		};
		80936EBF2A60D94C00A2939F /* Sources */ = {
			isa = PBXSourcesBuildPhase;
			buildActionMask = 2147483647;
			files = (
				80936EC62A60D94C00A2939F /* TCACalcTests.swift in Sources */,
				808EAFDE2A659245008F2368 /* Decimal+Tests.swift in Sources */,
				80F2C4472A994ADD00D1B6DA /* CalculationTests.swift in Sources */,
			);
			runOnlyForDeploymentPostprocessing = 0;
		};
/* End PBXSourcesBuildPhase section */

/* Begin PBXTargetDependency section */
		80936ECC2A60DBAC00A2939F /* PBXTargetDependency */ = {
			isa = PBXTargetDependency;
			target = 80649D2E2A607CC7007CC893 /* TCACalc */;
			targetProxy = 80936ECB2A60DBAC00A2939F /* PBXContainerItemProxy */;
		};
/* End PBXTargetDependency section */

/* Begin XCBuildConfiguration section */
		80649D3C2A607CC9007CC893 /* Debug */ = {
			isa = XCBuildConfiguration;
			buildSettings = {
				ALWAYS_SEARCH_USER_PATHS = NO;
				ASSETCATALOG_COMPILER_GENERATE_SWIFT_ASSET_SYMBOL_EXTENSIONS = YES;
				CLANG_ANALYZER_NONNULL = YES;
				CLANG_ANALYZER_NUMBER_OBJECT_CONVERSION = YES_AGGRESSIVE;
				CLANG_CXX_LANGUAGE_STANDARD = "gnu++20";
				CLANG_ENABLE_MODULES = YES;
				CLANG_ENABLE_OBJC_ARC = YES;
				CLANG_ENABLE_OBJC_WEAK = YES;
				CLANG_WARN_BLOCK_CAPTURE_AUTORELEASING = YES;
				CLANG_WARN_BOOL_CONVERSION = YES;
				CLANG_WARN_COMMA = YES;
				CLANG_WARN_CONSTANT_CONVERSION = YES;
				CLANG_WARN_DEPRECATED_OBJC_IMPLEMENTATIONS = YES;
				CLANG_WARN_DIRECT_OBJC_ISA_USAGE = YES_ERROR;
				CLANG_WARN_DOCUMENTATION_COMMENTS = YES;
				CLANG_WARN_EMPTY_BODY = YES;
				CLANG_WARN_ENUM_CONVERSION = YES;
				CLANG_WARN_INFINITE_RECURSION = YES;
				CLANG_WARN_INT_CONVERSION = YES;
				CLANG_WARN_NON_LITERAL_NULL_CONVERSION = YES;
				CLANG_WARN_OBJC_IMPLICIT_RETAIN_SELF = YES;
				CLANG_WARN_OBJC_LITERAL_CONVERSION = YES;
				CLANG_WARN_OBJC_ROOT_CLASS = YES_ERROR;
				CLANG_WARN_QUOTED_INCLUDE_IN_FRAMEWORK_HEADER = YES;
				CLANG_WARN_RANGE_LOOP_ANALYSIS = YES;
				CLANG_WARN_STRICT_PROTOTYPES = YES;
				CLANG_WARN_SUSPICIOUS_MOVE = YES;
				CLANG_WARN_UNGUARDED_AVAILABILITY = YES_AGGRESSIVE;
				CLANG_WARN_UNREACHABLE_CODE = YES;
				CLANG_WARN__DUPLICATE_METHOD_MATCH = YES;
				COPY_PHASE_STRIP = NO;
				DEBUG_INFORMATION_FORMAT = dwarf;
				ENABLE_STRICT_OBJC_MSGSEND = YES;
				ENABLE_TESTABILITY = YES;
				ENABLE_USER_SCRIPT_SANDBOXING = YES;
				GCC_C_LANGUAGE_STANDARD = gnu17;
				GCC_DYNAMIC_NO_PIC = NO;
				GCC_NO_COMMON_BLOCKS = YES;
				GCC_OPTIMIZATION_LEVEL = 0;
				GCC_PREPROCESSOR_DEFINITIONS = (
					"DEBUG=1",
					"$(inherited)",
				);
				GCC_WARN_64_TO_32_BIT_CONVERSION = YES;
				GCC_WARN_ABOUT_RETURN_TYPE = YES_ERROR;
				GCC_WARN_UNDECLARED_SELECTOR = YES;
				GCC_WARN_UNINITIALIZED_AUTOS = YES_AGGRESSIVE;
				GCC_WARN_UNUSED_FUNCTION = YES;
				GCC_WARN_UNUSED_VARIABLE = YES;
				IPHONEOS_DEPLOYMENT_TARGET = 17.0;
				LOCALIZATION_PREFERS_STRING_CATALOGS = YES;
				MTL_ENABLE_DEBUG_INFO = INCLUDE_SOURCE;
				MTL_FAST_MATH = YES;
				ONLY_ACTIVE_ARCH = YES;
				OTHER_LDFLAGS = "$(inherited)";
				SWIFT_ACTIVE_COMPILATION_CONDITIONS = "DEBUG $(inherited)";
				SWIFT_OPTIMIZATION_LEVEL = "-Onone";
			};
			name = Debug;
		};
		80649D3D2A607CC9007CC893 /* Release */ = {
			isa = XCBuildConfiguration;
			buildSettings = {
				ALWAYS_SEARCH_USER_PATHS = NO;
				ASSETCATALOG_COMPILER_GENERATE_SWIFT_ASSET_SYMBOL_EXTENSIONS = YES;
				CLANG_ANALYZER_NONNULL = YES;
				CLANG_ANALYZER_NUMBER_OBJECT_CONVERSION = YES_AGGRESSIVE;
				CLANG_CXX_LANGUAGE_STANDARD = "gnu++20";
				CLANG_ENABLE_MODULES = YES;
				CLANG_ENABLE_OBJC_ARC = YES;
				CLANG_ENABLE_OBJC_WEAK = YES;
				CLANG_WARN_BLOCK_CAPTURE_AUTORELEASING = YES;
				CLANG_WARN_BOOL_CONVERSION = YES;
				CLANG_WARN_COMMA = YES;
				CLANG_WARN_CONSTANT_CONVERSION = YES;
				CLANG_WARN_DEPRECATED_OBJC_IMPLEMENTATIONS = YES;
				CLANG_WARN_DIRECT_OBJC_ISA_USAGE = YES_ERROR;
				CLANG_WARN_DOCUMENTATION_COMMENTS = YES;
				CLANG_WARN_EMPTY_BODY = YES;
				CLANG_WARN_ENUM_CONVERSION = YES;
				CLANG_WARN_INFINITE_RECURSION = YES;
				CLANG_WARN_INT_CONVERSION = YES;
				CLANG_WARN_NON_LITERAL_NULL_CONVERSION = YES;
				CLANG_WARN_OBJC_IMPLICIT_RETAIN_SELF = YES;
				CLANG_WARN_OBJC_LITERAL_CONVERSION = YES;
				CLANG_WARN_OBJC_ROOT_CLASS = YES_ERROR;
				CLANG_WARN_QUOTED_INCLUDE_IN_FRAMEWORK_HEADER = YES;
				CLANG_WARN_RANGE_LOOP_ANALYSIS = YES;
				CLANG_WARN_STRICT_PROTOTYPES = YES;
				CLANG_WARN_SUSPICIOUS_MOVE = YES;
				CLANG_WARN_UNGUARDED_AVAILABILITY = YES_AGGRESSIVE;
				CLANG_WARN_UNREACHABLE_CODE = YES;
				CLANG_WARN__DUPLICATE_METHOD_MATCH = YES;
				COPY_PHASE_STRIP = NO;
				DEBUG_INFORMATION_FORMAT = "dwarf-with-dsym";
				ENABLE_NS_ASSERTIONS = NO;
				ENABLE_STRICT_OBJC_MSGSEND = YES;
				ENABLE_USER_SCRIPT_SANDBOXING = YES;
				GCC_C_LANGUAGE_STANDARD = gnu17;
				GCC_NO_COMMON_BLOCKS = YES;
				GCC_WARN_64_TO_32_BIT_CONVERSION = YES;
				GCC_WARN_ABOUT_RETURN_TYPE = YES_ERROR;
				GCC_WARN_UNDECLARED_SELECTOR = YES;
				GCC_WARN_UNINITIALIZED_AUTOS = YES_AGGRESSIVE;
				GCC_WARN_UNUSED_FUNCTION = YES;
				GCC_WARN_UNUSED_VARIABLE = YES;
				IPHONEOS_DEPLOYMENT_TARGET = 17.0;
				LOCALIZATION_PREFERS_STRING_CATALOGS = YES;
				MTL_ENABLE_DEBUG_INFO = NO;
				MTL_FAST_MATH = YES;
				OTHER_LDFLAGS = "$(inherited)";
				SWIFT_COMPILATION_MODE = wholemodule;
			};
			name = Release;
		};
		80649D3F2A607CC9007CC893 /* Debug */ = {
			isa = XCBuildConfiguration;
			buildSettings = {
				ASSETCATALOG_COMPILER_APPICON_NAME = AppIcon;
				ASSETCATALOG_COMPILER_GLOBAL_ACCENT_COLOR_NAME = AccentColor;
				CODE_SIGN_ENTITLEMENTS = TCACalc/TCACalc.entitlements;
				CODE_SIGN_STYLE = Automatic;
				CURRENT_PROJECT_VERSION = 1;
				DEVELOPMENT_ASSET_PATHS = "\"TCACalc/Preview Content\"";
				DEVELOPMENT_TEAM = 2KMN827G7Y;
				ENABLE_HARDENED_RUNTIME = YES;
				ENABLE_PREVIEWS = YES;
				GENERATE_INFOPLIST_FILE = YES;
				INFOPLIST_FILE = TCACalc/Info.plist;
				"INFOPLIST_KEY_UIApplicationSceneManifest_Generation[sdk=iphoneos*]" = YES;
				"INFOPLIST_KEY_UIApplicationSceneManifest_Generation[sdk=iphonesimulator*]" = YES;
				"INFOPLIST_KEY_UIApplicationSupportsIndirectInputEvents[sdk=iphoneos*]" = YES;
				"INFOPLIST_KEY_UIApplicationSupportsIndirectInputEvents[sdk=iphonesimulator*]" = YES;
				"INFOPLIST_KEY_UILaunchScreen_Generation[sdk=iphoneos*]" = YES;
				"INFOPLIST_KEY_UILaunchScreen_Generation[sdk=iphonesimulator*]" = YES;
				"INFOPLIST_KEY_UIStatusBarStyle[sdk=iphoneos*]" = UIStatusBarStyleDefault;
				"INFOPLIST_KEY_UIStatusBarStyle[sdk=iphonesimulator*]" = UIStatusBarStyleDefault;
				INFOPLIST_KEY_UISupportedInterfaceOrientations = "UIInterfaceOrientationLandscapeLeft UIInterfaceOrientationLandscapeRight UIInterfaceOrientationPortrait UIInterfaceOrientationPortraitUpsideDown";
				IPHONEOS_DEPLOYMENT_TARGET = 17.0;
				LD_RUNPATH_SEARCH_PATHS = "@executable_path/Frameworks";
				MACOSX_DEPLOYMENT_TARGET = 13.3;
				MARKETING_VERSION = 1.0;
				OTHER_LDFLAGS = "$(inherited)";
				PRODUCT_BUNDLE_IDENTIFIER = com.dandylyons.TCACalc;
				PRODUCT_NAME = "$(TARGET_NAME)";
				SDKROOT = auto;
				SUPPORTED_PLATFORMS = "iphoneos iphonesimulator";
				SUPPORTS_MACCATALYST = NO;
				SUPPORTS_MAC_DESIGNED_FOR_IPHONE_IPAD = NO;
				SWIFT_EMIT_LOC_STRINGS = YES;
				SWIFT_VERSION = 5.0;
				TARGETED_DEVICE_FAMILY = "1,2";
			};
			name = Debug;
		};
		80649D402A607CC9007CC893 /* Release */ = {
			isa = XCBuildConfiguration;
			buildSettings = {
				ASSETCATALOG_COMPILER_APPICON_NAME = AppIcon;
				ASSETCATALOG_COMPILER_GLOBAL_ACCENT_COLOR_NAME = AccentColor;
				CODE_SIGN_ENTITLEMENTS = TCACalc/TCACalc.entitlements;
				CODE_SIGN_STYLE = Automatic;
				CURRENT_PROJECT_VERSION = 1;
				DEVELOPMENT_ASSET_PATHS = "\"TCACalc/Preview Content\"";
				DEVELOPMENT_TEAM = 2KMN827G7Y;
				ENABLE_HARDENED_RUNTIME = YES;
				ENABLE_PREVIEWS = YES;
				GENERATE_INFOPLIST_FILE = YES;
				INFOPLIST_FILE = TCACalc/Info.plist;
				"INFOPLIST_KEY_UIApplicationSceneManifest_Generation[sdk=iphoneos*]" = YES;
				"INFOPLIST_KEY_UIApplicationSceneManifest_Generation[sdk=iphonesimulator*]" = YES;
				"INFOPLIST_KEY_UIApplicationSupportsIndirectInputEvents[sdk=iphoneos*]" = YES;
				"INFOPLIST_KEY_UIApplicationSupportsIndirectInputEvents[sdk=iphonesimulator*]" = YES;
				"INFOPLIST_KEY_UILaunchScreen_Generation[sdk=iphoneos*]" = YES;
				"INFOPLIST_KEY_UILaunchScreen_Generation[sdk=iphonesimulator*]" = YES;
				"INFOPLIST_KEY_UIStatusBarStyle[sdk=iphoneos*]" = UIStatusBarStyleDefault;
				"INFOPLIST_KEY_UIStatusBarStyle[sdk=iphonesimulator*]" = UIStatusBarStyleDefault;
				INFOPLIST_KEY_UISupportedInterfaceOrientations = "UIInterfaceOrientationLandscapeLeft UIInterfaceOrientationLandscapeRight UIInterfaceOrientationPortrait UIInterfaceOrientationPortraitUpsideDown";
				IPHONEOS_DEPLOYMENT_TARGET = 17.0;
				LD_RUNPATH_SEARCH_PATHS = "@executable_path/Frameworks";
				MACOSX_DEPLOYMENT_TARGET = 13.3;
				MARKETING_VERSION = 1.0;
				OTHER_LDFLAGS = "$(inherited)";
				PRODUCT_BUNDLE_IDENTIFIER = com.dandylyons.TCACalc;
				PRODUCT_NAME = "$(TARGET_NAME)";
				SDKROOT = auto;
				SUPPORTED_PLATFORMS = "iphoneos iphonesimulator";
				SUPPORTS_MACCATALYST = NO;
				SUPPORTS_MAC_DESIGNED_FOR_IPHONE_IPAD = NO;
				SWIFT_EMIT_LOC_STRINGS = YES;
				SWIFT_VERSION = 5.0;
				TARGETED_DEVICE_FAMILY = "1,2";
			};
			name = Release;
		};
		80936EC82A60D94C00A2939F /* Debug */ = {
			isa = XCBuildConfiguration;
			buildSettings = {
				BUNDLE_LOADER = "$(TEST_HOST)";
				CODE_SIGN_STYLE = Automatic;
				CURRENT_PROJECT_VERSION = 1;
				DEVELOPMENT_TEAM = 2KMN827G7Y;
				GENERATE_INFOPLIST_FILE = YES;
				MACOSX_DEPLOYMENT_TARGET = 13.3;
				MARKETING_VERSION = 1.0;
				PRODUCT_BUNDLE_IDENTIFIER = com.dandylyons.TCACalcTests;
				PRODUCT_NAME = "$(TARGET_NAME)";
				SDKROOT = macosx;
				SUPPORTED_PLATFORMS = "iphoneos iphonesimulator";
				SUPPORTS_MACCATALYST = NO;
				SUPPORTS_MAC_DESIGNED_FOR_IPHONE_IPAD = NO;
				SWIFT_EMIT_LOC_STRINGS = NO;
				SWIFT_VERSION = 5.0;
				TARGETED_DEVICE_FAMILY = 1;
				TEST_HOST = "$(BUILT_PRODUCTS_DIR)/TCACalc.app/$(BUNDLE_EXECUTABLE_FOLDER_PATH)/TCACalc";
			};
			name = Debug;
		};
		80936EC92A60D94C00A2939F /* Release */ = {
			isa = XCBuildConfiguration;
			buildSettings = {
				BUNDLE_LOADER = "$(TEST_HOST)";
				CODE_SIGN_STYLE = Automatic;
				CURRENT_PROJECT_VERSION = 1;
				DEVELOPMENT_TEAM = 2KMN827G7Y;
				GENERATE_INFOPLIST_FILE = YES;
				MACOSX_DEPLOYMENT_TARGET = 13.3;
				MARKETING_VERSION = 1.0;
				PRODUCT_BUNDLE_IDENTIFIER = com.dandylyons.TCACalcTests;
				PRODUCT_NAME = "$(TARGET_NAME)";
				SDKROOT = macosx;
				SUPPORTED_PLATFORMS = "iphoneos iphonesimulator";
				SUPPORTS_MACCATALYST = NO;
				SUPPORTS_MAC_DESIGNED_FOR_IPHONE_IPAD = NO;
				SWIFT_EMIT_LOC_STRINGS = NO;
				SWIFT_VERSION = 5.0;
				TARGETED_DEVICE_FAMILY = 1;
				TEST_HOST = "$(BUILT_PRODUCTS_DIR)/TCACalc.app/$(BUNDLE_EXECUTABLE_FOLDER_PATH)/TCACalc";
			};
			name = Release;
		};
/* End XCBuildConfiguration section */

/* Begin XCConfigurationList section */
		80649D2A2A607CC7007CC893 /* Build configuration list for PBXProject "TCACalc" */ = {
			isa = XCConfigurationList;
			buildConfigurations = (
				80649D3C2A607CC9007CC893 /* Debug */,
				80649D3D2A607CC9007CC893 /* Release */,
			);
			defaultConfigurationIsVisible = 0;
			defaultConfigurationName = Release;
		};
		80649D3E2A607CC9007CC893 /* Build configuration list for PBXNativeTarget "TCACalc" */ = {
			isa = XCConfigurationList;
			buildConfigurations = (
				80649D3F2A607CC9007CC893 /* Debug */,
				80649D402A607CC9007CC893 /* Release */,
			);
			defaultConfigurationIsVisible = 0;
			defaultConfigurationName = Release;
		};
		80936EC72A60D94C00A2939F /* Build configuration list for PBXNativeTarget "TCACalcTests" */ = {
			isa = XCConfigurationList;
			buildConfigurations = (
				80936EC82A60D94C00A2939F /* Debug */,
				80936EC92A60D94C00A2939F /* Release */,
			);
			defaultConfigurationIsVisible = 0;
			defaultConfigurationName = Release;
		};
/* End XCConfigurationList section */

/* Begin XCSwiftPackageProductDependency section */
		80936EB92A607E1100A2939F /* TCACalc_UI */ = {
			isa = XCSwiftPackageProductDependency;
			productName = TCACalc_UI;
		};
/* End XCSwiftPackageProductDependency section */
	};
	rootObject = 80649D272A607CC7007CC893 /* Project object */;
}
